
Microsoft Visual Studio Solution File, Format Version 12.00
# Visual Studio Version 17
VisualStudioVersion = 17.0.31903.59
MinimumVisualStudioVersion = 10.0.40219.1
Project("{FAE04EC0-301F-11D3-BF4B-00C04F79EFBC}") = "WebApi", "WebApi\WebApi.csproj", "{3FE29B6D-9E67-467B-873F-0ADE73A4836E}"
EndProject
Project("{2150E333-8FDC-42A3-9474-1A3956D46DE8}") = "Tests", "Tests", "{63EFE25D-D1CA-4D80-90FD-54A6BCC78362}"
EndProject
Project("{FAE04EC0-301F-11D3-BF4B-00C04F79EFBC}") = "WebApi.UnitTests", "Tests\WebApi.UnitTests\WebApi.UnitTests.csproj", "{9B1F2DAB-20D1-45F0-9312-DB10015DE6CF}"
EndProject
Global
	GlobalSection(SolutionConfigurationPlatforms) = preSolution
		Debug|Any CPU = Debug|Any CPU
		Release|Any CPU = Release|Any CPU
	EndGlobalSection
	GlobalSection(SolutionProperties) = preSolution
		HideSolutionNode = FALSE
	EndGlobalSection
	GlobalSection(ProjectConfigurationPlatforms) = postSolution
		{3FE29B6D-9E67-467B-873F-0ADE73A4836E}.Debug|Any CPU.ActiveCfg = Debug|Any CPU
		{3FE29B6D-9E67-467B-873F-0ADE73A4836E}.Debug|Any CPU.Build.0 = Debug|Any CPU
		{3FE29B6D-9E67-467B-873F-0ADE73A4836E}.Release|Any CPU.ActiveCfg = Release|Any CPU
		{3FE29B6D-9E67-467B-873F-0ADE73A4836E}.Release|Any CPU.Build.0 = Release|Any CPU
		{9B1F2DAB-20D1-45F0-9312-DB10015DE6CF}.Debug|Any CPU.ActiveCfg = Debug|Any CPU
		{9B1F2DAB-20D1-45F0-9312-DB10015DE6CF}.Debug|Any CPU.Build.0 = Debug|Any CPU
		{9B1F2DAB-20D1-45F0-9312-DB10015DE6CF}.Release|Any CPU.ActiveCfg = Release|Any CPU
		{9B1F2DAB-20D1-45F0-9312-DB10015DE6CF}.Release|Any CPU.Build.0 = Release|Any CPU
	EndGlobalSection
	GlobalSection(NestedProjects) = preSolution
		{9B1F2DAB-20D1-45F0-9312-DB10015DE6CF} = {63EFE25D-D1CA-4D80-90FD-54A6BCC78362}
	EndGlobalSection
EndGlobal
